
Microsoft Visual Studio Solution File, Format Version 12.00
# Visual Studio 2013
VisualStudioVersion = 12.0.40629.0
MinimumVisualStudioVersion = 10.0.40219.1
Project("{2150E333-8FDC-42A3-9474-1A3956D46DE8}") = "Edge", "Edge", "{A3B8E6EB-7CE1-4369-9CF9-32D620F3A52A}"
EndProject
Project("{2150E333-8FDC-42A3-9474-1A3956D46DE8}") = "Hough", "Hough", "{AC2F8063-A266-420C-AB98-4A64D1E95458}"
EndProject
Project("{2150E333-8FDC-42A3-9474-1A3956D46DE8}") = "CvtClr", "CvtClr", "{08AE10B9-6636-494A-839D-AE7D87E9E8C2}"
EndProject
Project("{2150E333-8FDC-42A3-9474-1A3956D46DE8}") = "Epipolar", "Epipolar", "{1A7818CF-A215-4E6D-9CDA-2067559BED25}"
EndProject
Project("{8BC9CEB8-8B4A-11D0-8D11-00A0C91BC942}") = "LibEdge", "Projects\LibEdge\LibEdge.vcxproj", "{E8085A00-6486-44E6-9FED-A2AE77AE5F0D}"
EndProject
Project("{8BC9CEB8-8B4A-11D0-8D11-00A0C91BC942}") = "TestClr2Gray", "Projects\TestClr2Gray\TestClr2Gray.vcxproj", "{7309637A-EE34-49B8-8321-6EBF43D79DAD}"
	ProjectSection(ProjectDependencies) = postProject
		{B2145C7C-FB40-488C-896D-7D35D846B813} = {B2145C7C-FB40-488C-896D-7D35D846B813}
	EndProjectSection
EndProject
Project("{8BC9CEB8-8B4A-11D0-8D11-00A0C91BC942}") = "TestLoGFilter", "Projects\TestLoGFilter\TestLoGFilter.vcxproj", "{529B1A81-4E2B-4B95-AF76-B42FD14F5C82}"
	ProjectSection(ProjectDependencies) = postProject
		{E8085A00-6486-44E6-9FED-A2AE77AE5F0D} = {E8085A00-6486-44E6-9FED-A2AE77AE5F0D}
	EndProjectSection
EndProject
Project("{8BC9CEB8-8B4A-11D0-8D11-00A0C91BC942}") = "TestZeroCross", "Projects\TestZeroCross\TestZeroCross.vcxproj", "{B92954CA-D960-4984-BD71-57EFBDE5C84A}"
	ProjectSection(ProjectDependencies) = postProject
		{E8085A00-6486-44E6-9FED-A2AE77AE5F0D} = {E8085A00-6486-44E6-9FED-A2AE77AE5F0D}
	EndProjectSection
EndProject
Project("{8BC9CEB8-8B4A-11D0-8D11-00A0C91BC942}") = "LibHough", "Projects\LibHough\LibHough.vcxproj", "{0E517890-7B41-4662-B89C-7A15D7C742F1}"
EndProject
Project("{8BC9CEB8-8B4A-11D0-8D11-00A0C91BC942}") = "TestEdge2Hough", "Projects\TestEdge2Hough\TestEdge2Hough.vcxproj", "{856CA2E4-CCC5-4228-BC87-49228160FAEF}"
	ProjectSection(ProjectDependencies) = postProject
		{0E517890-7B41-4662-B89C-7A15D7C742F1} = {0E517890-7B41-4662-B89C-7A15D7C742F1}
	EndProjectSection
EndProject
Project("{8BC9CEB8-8B4A-11D0-8D11-00A0C91BC942}") = "TestThreshHough", "Projects\TestThreshHough\TestThreshHough.vcxproj", "{9100B0DD-BC0D-4638-99B2-B539A36871E6}"
	ProjectSection(ProjectDependencies) = postProject
		{0E517890-7B41-4662-B89C-7A15D7C742F1} = {0E517890-7B41-4662-B89C-7A15D7C742F1}
	EndProjectSection
EndProject
Project("{8BC9CEB8-8B4A-11D0-8D11-00A0C91BC942}") = "TestDrawHough", "Projects\TestDrawHoughLine\TestDrawHoughLine.vcxproj", "{57F99E34-3173-43A7-BBA1-106174FDB9D0}"
	ProjectSection(ProjectDependencies) = postProject
		{0E517890-7B41-4662-B89C-7A15D7C742F1} = {0E517890-7B41-4662-B89C-7A15D7C742F1}
	EndProjectSection
EndProject
Project("{8BC9CEB8-8B4A-11D0-8D11-00A0C91BC942}") = "LibCvtClr", "Projects\LibCvtClr\LibCvtClr.vcxproj", "{B2145C7C-FB40-488C-896D-7D35D846B813}"
EndProject
Project("{8BC9CEB8-8B4A-11D0-8D11-00A0C91BC942}") = "LibEpipolar", "Projects\LibEpipolar\LibEpipolar.vcxproj", "{81B4A33D-29C8-42D5-A84D-557696551989}"
EndProject
Project("{8BC9CEB8-8B4A-11D0-8D11-00A0C91BC942}") = "TestMouseEventSample", "Projects\TestMouseEventSample\TestMouseEventSample.vcxproj", "{E2453C21-ECBB-4CCF-84CE-3E23B07C0994}"
	ProjectSection(ProjectDependencies) = postProject
		{81B4A33D-29C8-42D5-A84D-557696551989} = {81B4A33D-29C8-42D5-A84D-557696551989}
	EndProjectSection
EndProject
Project("{8BC9CEB8-8B4A-11D0-8D11-00A0C91BC942}") = "TestGetManualCorrespondence", "Project1\Project1.vcxproj", "{A208E69F-FBF3-4395-A160-662C08634311}"
EndProject
Global
	GlobalSection(SolutionConfigurationPlatforms) = preSolution
		Debug|Win32 = Debug|Win32
		Release|Win32 = Release|Win32
	EndGlobalSection
	GlobalSection(ProjectConfigurationPlatforms) = postSolution
		{E8085A00-6486-44E6-9FED-A2AE77AE5F0D}.Debug|Win32.ActiveCfg = Debug|Win32
		{E8085A00-6486-44E6-9FED-A2AE77AE5F0D}.Debug|Win32.Build.0 = Debug|Win32
		{E8085A00-6486-44E6-9FED-A2AE77AE5F0D}.Release|Win32.ActiveCfg = Release|Win32
		{E8085A00-6486-44E6-9FED-A2AE77AE5F0D}.Release|Win32.Build.0 = Release|Win32
		{7309637A-EE34-49B8-8321-6EBF43D79DAD}.Debug|Win32.ActiveCfg = Debug|Win32
		{7309637A-EE34-49B8-8321-6EBF43D79DAD}.Debug|Win32.Build.0 = Debug|Win32
		{7309637A-EE34-49B8-8321-6EBF43D79DAD}.Release|Win32.ActiveCfg = Release|Win32
		{7309637A-EE34-49B8-8321-6EBF43D79DAD}.Release|Win32.Build.0 = Release|Win32
		{529B1A81-4E2B-4B95-AF76-B42FD14F5C82}.Debug|Win32.ActiveCfg = Debug|Win32
		{529B1A81-4E2B-4B95-AF76-B42FD14F5C82}.Debug|Win32.Build.0 = Debug|Win32
		{529B1A81-4E2B-4B95-AF76-B42FD14F5C82}.Release|Win32.ActiveCfg = Release|Win32
		{529B1A81-4E2B-4B95-AF76-B42FD14F5C82}.Release|Win32.Build.0 = Release|Win32
		{B92954CA-D960-4984-BD71-57EFBDE5C84A}.Debug|Win32.ActiveCfg = Debug|Win32
		{B92954CA-D960-4984-BD71-57EFBDE5C84A}.Debug|Win32.Build.0 = Debug|Win32
		{B92954CA-D960-4984-BD71-57EFBDE5C84A}.Release|Win32.ActiveCfg = Release|Win32
		{B92954CA-D960-4984-BD71-57EFBDE5C84A}.Release|Win32.Build.0 = Release|Win32
		{0E517890-7B41-4662-B89C-7A15D7C742F1}.Debug|Win32.ActiveCfg = Debug|Win32
		{0E517890-7B41-4662-B89C-7A15D7C742F1}.Debug|Win32.Build.0 = Debug|Win32
		{0E517890-7B41-4662-B89C-7A15D7C742F1}.Release|Win32.ActiveCfg = Release|Win32
		{0E517890-7B41-4662-B89C-7A15D7C742F1}.Release|Win32.Build.0 = Release|Win32
		{856CA2E4-CCC5-4228-BC87-49228160FAEF}.Debug|Win32.ActiveCfg = Debug|Win32
		{856CA2E4-CCC5-4228-BC87-49228160FAEF}.Debug|Win32.Build.0 = Debug|Win32
		{856CA2E4-CCC5-4228-BC87-49228160FAEF}.Release|Win32.ActiveCfg = Release|Win32
		{856CA2E4-CCC5-4228-BC87-49228160FAEF}.Release|Win32.Build.0 = Release|Win32
		{9100B0DD-BC0D-4638-99B2-B539A36871E6}.Debug|Win32.ActiveCfg = Debug|Win32
		{9100B0DD-BC0D-4638-99B2-B539A36871E6}.Debug|Win32.Build.0 = Debug|Win32
		{9100B0DD-BC0D-4638-99B2-B539A36871E6}.Release|Win32.ActiveCfg = Release|Win32
		{9100B0DD-BC0D-4638-99B2-B539A36871E6}.Release|Win32.Build.0 = Release|Win32
		{57F99E34-3173-43A7-BBA1-106174FDB9D0}.Debug|Win32.ActiveCfg = Debug|Win32
		{57F99E34-3173-43A7-BBA1-106174FDB9D0}.Debug|Win32.Build.0 = Debug|Win32
		{57F99E34-3173-43A7-BBA1-106174FDB9D0}.Release|Win32.ActiveCfg = Release|Win32
		{57F99E34-3173-43A7-BBA1-106174FDB9D0}.Release|Win32.Build.0 = Release|Win32
		{B2145C7C-FB40-488C-896D-7D35D846B813}.Debug|Win32.ActiveCfg = Debug|Win32
		{B2145C7C-FB40-488C-896D-7D35D846B813}.Debug|Win32.Build.0 = Debug|Win32
		{B2145C7C-FB40-488C-896D-7D35D846B813}.Release|Win32.ActiveCfg = Release|Win32
		{B2145C7C-FB40-488C-896D-7D35D846B813}.Release|Win32.Build.0 = Release|Win32
		{81B4A33D-29C8-42D5-A84D-557696551989}.Debug|Win32.ActiveCfg = Debug|Win32
		{81B4A33D-29C8-42D5-A84D-557696551989}.Debug|Win32.Build.0 = Debug|Win32
		{81B4A33D-29C8-42D5-A84D-557696551989}.Release|Win32.ActiveCfg = Release|Win32
		{81B4A33D-29C8-42D5-A84D-557696551989}.Release|Win32.Build.0 = Release|Win32
		{E2453C21-ECBB-4CCF-84CE-3E23B07C0994}.Debug|Win32.ActiveCfg = Debug|Win32
		{E2453C21-ECBB-4CCF-84CE-3E23B07C0994}.Debug|Win32.Build.0 = Debug|Win32
		{E2453C21-ECBB-4CCF-84CE-3E23B07C0994}.Release|Win32.ActiveCfg = Release|Win32
		{E2453C21-ECBB-4CCF-84CE-3E23B07C0994}.Release|Win32.Build.0 = Release|Win32
		{A208E69F-FBF3-4395-A160-662C08634311}.Debug|Win32.ActiveCfg = Debug|Win32
		{A208E69F-FBF3-4395-A160-662C08634311}.Debug|Win32.Build.0 = Debug|Win32
		{A208E69F-FBF3-4395-A160-662C08634311}.Release|Win32.ActiveCfg = Release|Win32
		{A208E69F-FBF3-4395-A160-662C08634311}.Release|Win32.Build.0 = Release|Win32
	EndGlobalSection
	GlobalSection(SolutionProperties) = preSolution
		HideSolutionNode = FALSE
	EndGlobalSection
	GlobalSection(NestedProjects) = preSolution
		{E8085A00-6486-44E6-9FED-A2AE77AE5F0D} = {A3B8E6EB-7CE1-4369-9CF9-32D620F3A52A}
		{7309637A-EE34-49B8-8321-6EBF43D79DAD} = {08AE10B9-6636-494A-839D-AE7D87E9E8C2}
		{529B1A81-4E2B-4B95-AF76-B42FD14F5C82} = {A3B8E6EB-7CE1-4369-9CF9-32D620F3A52A}
		{B92954CA-D960-4984-BD71-57EFBDE5C84A} = {A3B8E6EB-7CE1-4369-9CF9-32D620F3A52A}
		{0E517890-7B41-4662-B89C-7A15D7C742F1} = {AC2F8063-A266-420C-AB98-4A64D1E95458}
		{856CA2E4-CCC5-4228-BC87-49228160FAEF} = {AC2F8063-A266-420C-AB98-4A64D1E95458}
		{9100B0DD-BC0D-4638-99B2-B539A36871E6} = {AC2F8063-A266-420C-AB98-4A64D1E95458}
		{57F99E34-3173-43A7-BBA1-106174FDB9D0} = {AC2F8063-A266-420C-AB98-4A64D1E95458}
		{B2145C7C-FB40-488C-896D-7D35D846B813} = {08AE10B9-6636-494A-839D-AE7D87E9E8C2}
		{81B4A33D-29C8-42D5-A84D-557696551989} = {1A7818CF-A215-4E6D-9CDA-2067559BED25}
		{E2453C21-ECBB-4CCF-84CE-3E23B07C0994} = {1A7818CF-A215-4E6D-9CDA-2067559BED25}
		{A208E69F-FBF3-4395-A160-662C08634311} = {1A7818CF-A215-4E6D-9CDA-2067559BED25}
	EndGlobalSection
EndGlobal
